
Microsoft Visual Studio Solution File, Format Version 12.00
# Visual Studio Version 17
VisualStudioVersion = 17.8.34330.188
MinimumVisualStudioVersion = 10.0.40219.1
Project("{8BC9CEB8-8B4A-11D0-8D11-00A0C91BC942}") = "88. Merge Sorted Array", "88. Merge Sorted Array.vcxproj", "{E694843B-8864-410B-AFC2-7031F32B2B21}"
EndProject
Global
	GlobalSection(SolutionConfigurationPlatforms) = preSolution
		Debug|x64 = Debug|x64
		Debug|x86 = Debug|x86
		Release|x64 = Release|x64
		Release|x86 = Release|x86
	EndGlobalSection
	GlobalSection(ProjectConfigurationPlatforms) = postSolution
		{E694843B-8864-410B-AFC2-7031F32B2B21}.Debug|x64.ActiveCfg = Debug|x64
		{E694843B-8864-410B-AFC2-7031F32B2B21}.Debug|x64.Build.0 = Debug|x64
		{E694843B-8864-410B-AFC2-7031F32B2B21}.Debug|x86.ActiveCfg = Debug|Win32
		{E694843B-8864-410B-AFC2-7031F32B2B21}.Debug|x86.Build.0 = Debug|Win32
		{E694843B-8864-410B-AFC2-7031F32B2B21}.Release|x64.ActiveCfg = Release|x64
		{E694843B-8864-410B-AFC2-7031F32B2B21}.Release|x64.Build.0 = Release|x64
		{E694843B-8864-410B-AFC2-7031F32B2B21}.Release|x86.ActiveCfg = Release|Win32
		{E694843B-8864-410B-AFC2-7031F32B2B21}.Release|x86.Build.0 = Release|Win32
	EndGlobalSection
	GlobalSection(SolutionProperties) = preSolution
		HideSolutionNode = FALSE
	EndGlobalSection
	GlobalSection(ExtensibilityGlobals) = postSolution
		SolutionGuid = {70B4E31C-DF52-4A50-9833-0C1C9FEFC4E3}
	EndGlobalSection
EndGlobal
